// !$*UTF8*$!
{
	archiveVersion = 1;
	classes = {
	};
	objectVersion = 46;
	objects = {

/* Begin PBXBuildFile section */
		4DB6FA291B29E4A900719CBC /* main.m in Sources */ = {isa = PBXBuildFile; fileRef = 4DB6FA281B29E4A900719CBC /* main.m */; };
		4DB6FA2C1B29E4AA00719CBC /* AppDelegate.m in Sources */ = {isa = PBXBuildFile; fileRef = 4DB6FA2B1B29E4AA00719CBC /* AppDelegate.m */; };
		4DB6FA2F1B29E4AA00719CBC /* ViewController.m in Sources */ = {isa = PBXBuildFile; fileRef = 4DB6FA2E1B29E4AA00719CBC /* ViewController.m */; };
		4DB6FA321B29E4AA00719CBC /* Main.storyboard in Resources */ = {isa = PBXBuildFile; fileRef = 4DB6FA301B29E4AA00719CBC /* Main.storyboard */; };
		4DB6FA341B29E4AA00719CBC /* Images.xcassets in Resources */ = {isa = PBXBuildFile; fileRef = 4DB6FA331B29E4AA00719CBC /* Images.xcassets */; };
		4DB6FA371B29E4AA00719CBC /* LaunchScreen.xib in Resources */ = {isa = PBXBuildFile; fileRef = 4DB6FA351B29E4AA00719CBC /* LaunchScreen.xib */; };
		4DB6FA431B29E4AA00719CBC /* ButtonDemoTests.m in Sources */ = {isa = PBXBuildFile; fileRef = 4DB6FA421B29E4AA00719CBC /* ButtonDemoTests.m */; };
/* End PBXBuildFile section */

/* Begin PBXContainerItemProxy section */
		4DB6FA3D1B29E4AA00719CBC /* PBXContainerItemProxy */ = {
			isa = PBXContainerItemProxy;
			containerPortal = 4DB6FA1B1B29E4A900719CBC /* Project object */;
			proxyType = 1;
			remoteGlobalIDString = 4DB6FA221B29E4A900719CBC;
			remoteInfo = ButtonDemo;
		};
/* End PBXContainerItemProxy section */

/* Begin PBXFileReference section */
		4DB6FA231B29E4A900719CBC /* ButtonDemo.app */ = {isa = PBXFileReference; explicitFileType = wrapper.application; includeInIndex = 0; path = ButtonDemo.app; sourceTree = BUILT_PRODUCTS_DIR; };
		4DB6FA271B29E4A900719CBC /* Info.plist */ = {isa = PBXFileReference; lastKnownFileType = text.plist.xml; path = Info.plist; sourceTree = "<group>"; };
		4DB6FA281B29E4A900719CBC /* main.m */ = {isa = PBXFileReference; lastKnownFileType = sourcecode.c.objc; path = main.m; sourceTree = "<group>"; };
		4DB6FA2A1B29E4A900719CBC /* AppDelegate.h */ = {isa = PBXFileReference; lastKnownFileType = sourcecode.c.h; path = AppDelegate.h; sourceTree = "<group>"; };
		4DB6FA2B1B29E4AA00719CBC /* AppDelegate.m */ = {isa = PBXFileReference; lastKnownFileType = sourcecode.c.objc; path = AppDelegate.m; sourceTree = "<group>"; };
		4DB6FA2D1B29E4AA00719CBC /* ViewController.h */ = {isa = PBXFileReference; lastKnownFileType = sourcecode.c.h; path = ViewController.h; sourceTree = "<group>"; };
		4DB6FA2E1B29E4AA00719CBC /* ViewController.m */ = {isa = PBXFileReference; lastKnownFileType = sourcecode.c.objc; path = ViewController.m; sourceTree = "<group>"; };
		4DB6FA311B29E4AA00719CBC /* Base */ = {isa = PBXFileReference; lastKnownFileType = file.storyboard; name = Base; path = Base.lproj/Main.storyboard; sourceTree = "<group>"; };
		4DB6FA331B29E4AA00719CBC /* Images.xcassets */ = {isa = PBXFileReference; lastKnownFileType = folder.assetcatalog; path = Images.xcassets; sourceTree = "<group>"; };
		4DB6FA361B29E4AA00719CBC /* Base */ = {isa = PBXFileReference; lastKnownFileType = file.xib; name = Base; path = Base.lproj/LaunchScreen.xib; sourceTree = "<group>"; };
		4DB6FA3C1B29E4AA00719CBC /* ButtonDemoTests.xctest */ = {isa = PBXFileReference; explicitFileType = wrapper.cfbundle; includeInIndex = 0; path = ButtonDemoTests.xctest; sourceTree = BUILT_PRODUCTS_DIR; };
		4DB6FA411B29E4AA00719CBC /* Info.plist */ = {isa = PBXFileReference; lastKnownFileType = text.plist.xml; path = Info.plist; sourceTree = "<group>"; };
		4DB6FA421B29E4AA00719CBC /* ButtonDemoTests.m */ = {isa = PBXFileReference; lastKnownFileType = sourcecode.c.objc; path = ButtonDemoTests.m; sourceTree = "<group>"; };
/* End PBXFileReference section */

/* Begin PBXFrameworksBuildPhase section */
		4DB6FA201B29E4A900719CBC /* Frameworks */ = {
			isa = PBXFrameworksBuildPhase;
			buildActionMask = 2147483647;
			files = (
			);
			runOnlyForDeploymentPostprocessing = 0;
		};
		4DB6FA391B29E4AA00719CBC /* Frameworks */ = {
			isa = PBXFrameworksBuildPhase;
			buildActionMask = 2147483647;
			files = (
			);
			runOnlyForDeploymentPostprocessing = 0;
		};
/* End PBXFrameworksBuildPhase section */

/* Begin PBXGroup section */
		4DB6FA1A1B29E4A900719CBC = {
			isa = PBXGroup;
			children = (
				4DB6FA251B29E4A900719CBC /* ButtonDemo */,
				4DB6FA3F1B29E4AA00719CBC /* ButtonDemoTests */,
				4DB6FA241B29E4A900719CBC /* Products */,
			);
			sourceTree = "<group>";
		};
		4DB6FA241B29E4A900719CBC /* Products */ = {
			isa = PBXGroup;
			children = (
				4DB6FA231B29E4A900719CBC /* ButtonDemo.app */,
				4DB6FA3C1B29E4AA00719CBC /* ButtonDemoTests.xctest */,
			);
			name = Products;
			sourceTree = "<group>";
		};
		4DB6FA251B29E4A900719CBC /* ButtonDemo */ = {
			isa = PBXGroup;
			children = (
				4DB6FA2A1B29E4A900719CBC /* AppDelegate.h */,
				4DB6FA2B1B29E4AA00719CBC /* AppDelegate.m */,
				4DB6FA2D1B29E4AA00719CBC /* ViewController.h */,
				4DB6FA2E1B29E4AA00719CBC /* ViewController.m */,
				4DB6FA301B29E4AA00719CBC /* Main.storyboard */,
				4DB6FA331B29E4AA00719CBC /* Images.xcassets */,
				4DB6FA351B29E4AA00719CBC /* LaunchScreen.xib */,
				4DB6FA261B29E4A900719CBC /* Supporting Files */,
			);
			path = ButtonDemo;
			sourceTree = "<group>";
		};
		4DB6FA261B29E4A900719CBC /* Supporting Files */ = {
			isa = PBXGroup;
			children = (
				4DB6FA271B29E4A900719CBC /* Info.plist */,
				4DB6FA281B29E4A900719CBC /* main.m */,
			);
			name = "Supporting Files";
			sourceTree = "<group>";
		};
		4DB6FA3F1B29E4AA00719CBC /* ButtonDemoTests */ = {
			isa = PBXGroup;
			children = (
				4DB6FA421B29E4AA00719CBC /* ButtonDemoTests.m */,
				4DB6FA401B29E4AA00719CBC /* Supporting Files */,
			);
			path = ButtonDemoTests;
			sourceTree = "<group>";
		};
		4DB6FA401B29E4AA00719CBC /* Supporting Files */ = {
			isa = PBXGroup;
			children = (
				4DB6FA411B29E4AA00719CBC /* Info.plist */,
			);
			name = "Supporting Files";
			sourceTree = "<group>";
		};
/* End PBXGroup section */

/* Begin PBXNativeTarget section */
		4DB6FA221B29E4A900719CBC /* ButtonDemo */ = {
			isa = PBXNativeTarget;
			buildConfigurationList = 4DB6FA461B29E4AA00719CBC /* Build configuration list for PBXNativeTarget "ButtonDemo" */;
			buildPhases = (
				4DB6FA1F1B29E4A900719CBC /* Sources */,
				4DB6FA201B29E4A900719CBC /* Frameworks */,
				4DB6FA211B29E4A900719CBC /* Resources */,
			);
			buildRules = (
			);
			dependencies = (
			);
			name = ButtonDemo;
			productName = ButtonDemo;
			productReference = 4DB6FA231B29E4A900719CBC /* ButtonDemo.app */;
			productType = "com.apple.product-type.application";
		};
		4DB6FA3B1B29E4AA00719CBC /* ButtonDemoTests */ = {
			isa = PBXNativeTarget;
			buildConfigurationList = 4DB6FA491B29E4AA00719CBC /* Build configuration list for PBXNativeTarget "ButtonDemoTests" */;
			buildPhases = (
				4DB6FA381B29E4AA00719CBC /* Sources */,
				4DB6FA391B29E4AA00719CBC /* Frameworks */,
				4DB6FA3A1B29E4AA00719CBC /* Resources */,
			);
			buildRules = (
			);
			dependencies = (
				4DB6FA3E1B29E4AA00719CBC /* PBXTargetDependency */,
			);
			name = ButtonDemoTests;
			productName = ButtonDemoTests;
			productReference = 4DB6FA3C1B29E4AA00719CBC /* ButtonDemoTests.xctest */;
			productType = "com.apple.product-type.bundle.unit-test";
		};
/* End PBXNativeTarget section */

/* Begin PBXProject section */
		4DB6FA1B1B29E4A900719CBC /* Project object */ = {
			isa = PBXProject;
			attributes = {
				LastUpgradeCheck = 0630;
				ORGANIZATIONNAME = NickPeng;
				TargetAttributes = {
					4DB6FA221B29E4A900719CBC = {
						CreatedOnToolsVersion = 6.3;
					};
					4DB6FA3B1B29E4AA00719CBC = {
						CreatedOnToolsVersion = 6.3;
						TestTargetID = 4DB6FA221B29E4A900719CBC;
					};
				};
			};
			buildConfigurationList = 4DB6FA1E1B29E4A900719CBC /* Build configuration list for PBXProject "ButtonDemo" */;
			compatibilityVersion = "Xcode 3.2";
			developmentRegion = English;
			hasScannedForEncodings = 0;
			knownRegions = (
				en,
				Base,
			);
			mainGroup = 4DB6FA1A1B29E4A900719CBC;
			productRefGroup = 4DB6FA241B29E4A900719CBC /* Products */;
			projectDirPath = "";
			projectRoot = "";
			targets = (
				4DB6FA221B29E4A900719CBC /* ButtonDemo */,
				4DB6FA3B1B29E4AA00719CBC /* ButtonDemoTests */,
			);
		};
/* End PBXProject section */

/* Begin PBXResourcesBuildPhase section */
		4DB6FA211B29E4A900719CBC /* Resources */ = {
			isa = PBXResourcesBuildPhase;
			buildActionMask = 2147483647;
			files = (
				4DB6FA321B29E4AA00719CBC /* Main.storyboard in Resources */,
				4DB6FA371B29E4AA00719CBC /* LaunchScreen.xib in Resources */,
				4DB6FA341B29E4AA00719CBC /* Images.xcassets in Resources */,
			);
			runOnlyForDeploymentPostprocessing = 0;
		};
		4DB6FA3A1B29E4AA00719CBC /* Resources */ = {
			isa = PBXResourcesBuildPhase;
			buildActionMask = 2147483647;
			files = (
			);
			runOnlyForDeploymentPostprocessing = 0;
		};
/* End PBXResourcesBuildPhase section */

/* Begin PBXSourcesBuildPhase section */
		4DB6FA1F1B29E4A900719CBC /* Sources */ = {
			isa = PBXSourcesBuildPhase;
			buildActionMask = 2147483647;
			files = (
				4DB6FA2F1B29E4AA00719CBC /* ViewController.m in Sources */,
				4DB6FA2C1B29E4AA00719CBC /* AppDelegate.m in Sources */,
				4DB6FA291B29E4A900719CBC /* main.m in Sources */,
			);
			runOnlyForDeploymentPostprocessing = 0;
		};
		4DB6FA381B29E4AA00719CBC /* Sources */ = {
			isa = PBXSourcesBuildPhase;
			buildActionMask = 2147483647;
			files = (
				4DB6FA431B29E4AA00719CBC /* ButtonDemoTests.m in Sources */,
			);
			runOnlyForDeploymentPostprocessing = 0;
		};
/* End PBXSourcesBuildPhase section */

/* Begin PBXTargetDependency section */
		4DB6FA3E1B29E4AA00719CBC /* PBXTargetDependency */ = {
			isa = PBXTargetDependency;
			target = 4DB6FA221B29E4A900719CBC /* ButtonDemo */;
			targetProxy = 4DB6FA3D1B29E4AA00719CBC /* PBXContainerItemProxy */;
		};
/* End PBXTargetDependency section */

/* Begin PBXVariantGroup section */
		4DB6FA301B29E4AA00719CBC /* Main.storyboard */ = {
			isa = PBXVariantGroup;
			children = (
				4DB6FA311B29E4AA00719CBC /* Base */,
			);
			name = Main.storyboard;
			sourceTree = "<group>";
		};
		4DB6FA351B29E4AA00719CBC /* LaunchScreen.xib */ = {
			isa = PBXVariantGroup;
			children = (
				4DB6FA361B29E4AA00719CBC /* Base */,
			);
			name = LaunchScreen.xib;
			sourceTree = "<group>";
		};
/* End PBXVariantGroup section */

/* Begin XCBuildConfiguration section */
		4DB6FA441B29E4AA00719CBC /* Debug */ = {
			isa = XCBuildConfiguration;
			buildSettings = {
				ALWAYS_SEARCH_USER_PATHS = NO;
				CLANG_CXX_LANGUAGE_STANDARD = "gnu++0x";
				CLANG_CXX_LIBRARY = "libc++";
				CLANG_ENABLE_MODULES = YES;
				CLANG_ENABLE_OBJC_ARC = YES;
				CLANG_WARN_BOOL_CONVERSION = YES;
				CLANG_WARN_CONSTANT_CONVERSION = YES;
				CLANG_WARN_DIRECT_OBJC_ISA_USAGE = YES_ERROR;
				CLANG_WARN_EMPTY_BODY = YES;
				CLANG_WARN_ENUM_CONVERSION = YES;
				CLANG_WARN_INT_CONVERSION = YES;
				CLANG_WARN_OBJC_ROOT_CLASS = YES_ERROR;
				CLANG_WARN_UNREACHABLE_CODE = YES;
				CLANG_WARN__DUPLICATE_METHOD_MATCH = YES;
				"CODE_SIGN_IDENTITY[sdk=iphoneos*]" = "iPhone Developer";
				COPY_PHASE_STRIP = NO;
				DEBUG_INFORMATION_FORMAT = "dwarf-with-dsym";
				ENABLE_STRICT_OBJC_MSGSEND = YES;
				GCC_C_LANGUAGE_STANDARD = gnu99;
				GCC_DYNAMIC_NO_PIC = NO;
				GCC_NO_COMMON_BLOCKS = YES;
				GCC_OPTIMIZATION_LEVEL = 0;
				GCC_PREPROCESSOR_DEFINITIONS = (
					"DEBUG=1",
					"$(inherited)",
				);
				GCC_SYMBOLS_PRIVATE_EXTERN = NO;
				GCC_WARN_64_TO_32_BIT_CONVERSION = YES;
				GCC_WARN_ABOUT_RETURN_TYPE = YES_ERROR;
				GCC_WARN_UNDECLARED_SELECTOR = YES;
				GCC_WARN_UNINITIALIZED_AUTOS = YES_AGGRESSIVE;
				GCC_WARN_UNUSED_FUNCTION = YES;
				GCC_WARN_UNUSED_VARIABLE = YES;
				IPHONEOS_DEPLOYMENT_TARGET = 8.3;
				MTL_ENABLE_DEBUG_INFO = YES;
				ONLY_ACTIVE_ARCH = YES;
				SDKROOT = iphoneos;
			};
			name = Debug;
		};
		4DB6FA451B29E4AA00719CBC /* Release */ = {
			isa = XCBuildConfiguration;
			buildSettings = {
				ALWAYS_SEARCH_USER_PATHS = NO;
				CLANG_CXX_LANGUAGE_STANDARD = "gnu++0x";
				CLANG_CXX_LIBRARY = "libc++";
				CLANG_ENABLE_MODULES = YES;
				CLANG_ENABLE_OBJC_ARC = YES;
				CLANG_WARN_BOOL_CONVERSION = YES;
				CLANG_WARN_CONSTANT_CONVERSION = YES;
				CLANG_WARN_DIRECT_OBJC_ISA_USAGE = YES_ERROR;
				CLANG_WARN_EMPTY_BODY = YES;
				CLANG_WARN_ENUM_CONVERSION = YES;
				CLANG_WARN_INT_CONVERSION = YES;
				CLANG_WARN_OBJC_ROOT_CLASS = YES_ERROR;
				CLANG_WARN_UNREACHABLE_CODE = YES;
				CLANG_WARN__DUPLICATE_METHOD_MATCH = YES;
				"CODE_SIGN_IDENTITY[sdk=iphoneos*]" = "iPhone Developer";
				COPY_PHASE_STRIP = NO;
				DEBUG_INFORMATION_FORMAT = "dwarf-with-dsym";
				ENABLE_NS_ASSERTIONS = NO;
				ENABLE_STRICT_OBJC_MSGSEND = YES;
				GCC_C_LANGUAGE_STANDARD = gnu99;
				GCC_NO_COMMON_BLOCKS = YES;
				GCC_WARN_64_TO_32_BIT_CONVERSION = YES;
				GCC_WARN_ABOUT_RETURN_TYPE = YES_ERROR;
				GCC_WARN_UNDECLARED_SELECTOR = YES;
				GCC_WARN_UNINITIALIZED_AUTOS = YES_AGGRESSIVE;
				GCC_WARN_UNUSED_FUNCTION = YES;
				GCC_WARN_UNUSED_VARIABLE = YES;
				IPHONEOS_DEPLOYMENT_TARGET = 8.3;
				MTL_ENABLE_DEBUG_INFO = NO;
				SDKROOT = iphoneos;
				VALIDATE_PRODUCT = YES;
			};
			name = Release;
		};
		4DB6FA471B29E4AA00719CBC /* Debug */ = {
			isa = XCBuildConfiguration;
			buildSettings = {
				ASSETCATALOG_COMPILER_APPICON_NAME = AppIcon;
				INFOPLIST_FILE = ButtonDemo/Info.plist;
				LD_RUNPATH_SEARCH_PATHS = "$(inherited) @executable_path/Frameworks";
				PRODUCT_NAME = "$(TARGET_NAME)";
			};
			name = Debug;
		};
		4DB6FA481B29E4AA00719CBC /* Release */ = {
			isa = XCBuildConfiguration;
			buildSettings = {
				ASSETCATALOG_COMPILER_APPICON_NAME = AppIcon;
				INFOPLIST_FILE = ButtonDemo/Info.plist;
				LD_RUNPATH_SEARCH_PATHS = "$(inherited) @executable_path/Frameworks";
				PRODUCT_NAME = "$(TARGET_NAME)";
			};
			name = Release;
		};
		4DB6FA4A1B29E4AA00719CBC /* Debug */ = {
			isa = XCBuildConfiguration;
			buildSettings = {
				BUNDLE_LOADER = "$(TEST_HOST)";
				FRAMEWORK_SEARCH_PATHS = (
					"$(SDKROOT)/Developer/Library/Frameworks",
					"$(inherited)",
				);
				GCC_PREPROCESSOR_DEFINITIONS = (
					"DEBUG=1",
					"$(inherited)",
				);
				INFOPLIST_FILE = ButtonDemoTests/Info.plist;
				LD_RUNPATH_SEARCH_PATHS = "$(inherited) @executable_path/Frameworks @loader_path/Frameworks";
				PRODUCT_NAME = "$(TARGET_NAME)";
				TEST_HOST = "$(BUILT_PRODUCTS_DIR)/ButtonDemo.app/ButtonDemo";
			};
			name = Debug;
		};
		4DB6FA4B1B29E4AA00719CBC /* Release */ = {
			isa = XCBuildConfiguration;
			buildSettings = {
				BUNDLE_LOADER = "$(TEST_HOST)";
				FRAMEWORK_SEARCH_PATHS = (
					"$(SDKROOT)/Developer/Library/Frameworks",
					"$(inherited)",
				);
				INFOPLIST_FILE = ButtonDemoTests/Info.plist;
				LD_RUNPATH_SEARCH_PATHS = "$(inherited) @executable_path/Frameworks @loader_path/Frameworks";
				PRODUCT_NAME = "$(TARGET_NAME)";
				TEST_HOST = "$(BUILT_PRODUCTS_DIR)/ButtonDemo.app/ButtonDemo";
			};
			name = Release;
		};
/* End XCBuildConfiguration section */

/* Begin XCConfigurationList section */
		4DB6FA1E1B29E4A900719CBC /* Build configuration list for PBXProject "ButtonDemo" */ = {
			isa = XCConfigurationList;
			buildConfigurations = (
				4DB6FA441B29E4AA00719CBC /* Debug */,
				4DB6FA451B29E4AA00719CBC /* Release */,
			);
			defaultConfigurationIsVisible = 0;
			defaultConfigurationName = Release;
		};
		4DB6FA461B29E4AA00719CBC /* Build configuration list for PBXNativeTarget "ButtonDemo" */ = {
			isa = XCConfigurationList;
			buildConfigurations = (
				4DB6FA471B29E4AA00719CBC /* Debug */,
				4DB6FA481B29E4AA00719CBC /* Release */,
			);
			defaultConfigurationIsVisible = 0;
		};
		4DB6FA491B29E4AA00719CBC /* Build configuration list for PBXNativeTarget "ButtonDemoTests" */ = {
			isa = XCConfigurationList;
			buildConfigurations = (
				4DB6FA4A1B29E4AA00719CBC /* Debug */,
				4DB6FA4B1B29E4AA00719CBC /* Release */,
			);
			defaultConfigurationIsVisible = 0;
		};
/* End XCConfigurationList section */
	};
	rootObject = 4DB6FA1B1B29E4A900719CBC /* Project object */;
}
