// !$*UTF8*$!
{
	archiveVersion = 1;
	classes = {
	};
	objectVersion = 46;
	objects = {

/* Begin PBXBuildFile section */
		4D501F1D1B1F5F60003618AE /* main.m in Sources */ = {isa = PBXBuildFile; fileRef = 4D501F1C1B1F5F60003618AE /* main.m */; };
		4D501F201B1F5F60003618AE /* AppDelegate.m in Sources */ = {isa = PBXBuildFile; fileRef = 4D501F1F1B1F5F60003618AE /* AppDelegate.m */; };
		4D501F231B1F5F60003618AE /* ViewController.m in Sources */ = {isa = PBXBuildFile; fileRef = 4D501F221B1F5F60003618AE /* ViewController.m */; };
		4D501F261B1F5F60003618AE /* Main.storyboard in Resources */ = {isa = PBXBuildFile; fileRef = 4D501F241B1F5F60003618AE /* Main.storyboard */; };
		4D501F281B1F5F60003618AE /* Images.xcassets in Resources */ = {isa = PBXBuildFile; fileRef = 4D501F271B1F5F60003618AE /* Images.xcassets */; };
		4D501F2B1B1F5F60003618AE /* LaunchScreen.xib in Resources */ = {isa = PBXBuildFile; fileRef = 4D501F291B1F5F60003618AE /* LaunchScreen.xib */; };
		4D501F371B1F5F60003618AE /* HelloWorldTests.m in Sources */ = {isa = PBXBuildFile; fileRef = 4D501F361B1F5F60003618AE /* HelloWorldTests.m */; };
		4D501F421B1F6165003618AE /* HelloWorld.m in Sources */ = {isa = PBXBuildFile; fileRef = 4D501F411B1F6165003618AE /* HelloWorld.m */; };
/* End PBXBuildFile section */

/* Begin PBXContainerItemProxy section */
		4D501F311B1F5F60003618AE /* PBXContainerItemProxy */ = {
			isa = PBXContainerItemProxy;
			containerPortal = 4D501F0F1B1F5F60003618AE /* Project object */;
			proxyType = 1;
			remoteGlobalIDString = 4D501F161B1F5F60003618AE;
			remoteInfo = HelloWorld;
		};
/* End PBXContainerItemProxy section */

/* Begin PBXFileReference section */
		4D501F171B1F5F60003618AE /* HelloWorld.app */ = {isa = PBXFileReference; explicitFileType = wrapper.application; includeInIndex = 0; path = HelloWorld.app; sourceTree = BUILT_PRODUCTS_DIR; };
		4D501F1B1B1F5F60003618AE /* Info.plist */ = {isa = PBXFileReference; lastKnownFileType = text.plist.xml; path = Info.plist; sourceTree = "<group>"; };
		4D501F1C1B1F5F60003618AE /* main.m */ = {isa = PBXFileReference; lastKnownFileType = sourcecode.c.objc; path = main.m; sourceTree = "<group>"; };
		4D501F1E1B1F5F60003618AE /* AppDelegate.h */ = {isa = PBXFileReference; lastKnownFileType = sourcecode.c.h; path = AppDelegate.h; sourceTree = "<group>"; };
		4D501F1F1B1F5F60003618AE /* AppDelegate.m */ = {isa = PBXFileReference; lastKnownFileType = sourcecode.c.objc; path = AppDelegate.m; sourceTree = "<group>"; };
		4D501F211B1F5F60003618AE /* ViewController.h */ = {isa = PBXFileReference; lastKnownFileType = sourcecode.c.h; path = ViewController.h; sourceTree = "<group>"; };
		4D501F221B1F5F60003618AE /* ViewController.m */ = {isa = PBXFileReference; lastKnownFileType = sourcecode.c.objc; path = ViewController.m; sourceTree = "<group>"; };
		4D501F251B1F5F60003618AE /* Base */ = {isa = PBXFileReference; lastKnownFileType = file.storyboard; name = Base; path = Base.lproj/Main.storyboard; sourceTree = "<group>"; };
		4D501F271B1F5F60003618AE /* Images.xcassets */ = {isa = PBXFileReference; lastKnownFileType = folder.assetcatalog; path = Images.xcassets; sourceTree = "<group>"; };
		4D501F2A1B1F5F60003618AE /* Base */ = {isa = PBXFileReference; lastKnownFileType = file.xib; name = Base; path = Base.lproj/LaunchScreen.xib; sourceTree = "<group>"; };
		4D501F301B1F5F60003618AE /* HelloWorldTests.xctest */ = {isa = PBXFileReference; explicitFileType = wrapper.cfbundle; includeInIndex = 0; path = HelloWorldTests.xctest; sourceTree = BUILT_PRODUCTS_DIR; };
		4D501F351B1F5F60003618AE /* Info.plist */ = {isa = PBXFileReference; lastKnownFileType = text.plist.xml; path = Info.plist; sourceTree = "<group>"; };
		4D501F361B1F5F60003618AE /* HelloWorldTests.m */ = {isa = PBXFileReference; lastKnownFileType = sourcecode.c.objc; path = HelloWorldTests.m; sourceTree = "<group>"; };
		4D501F401B1F6165003618AE /* HelloWorld.h */ = {isa = PBXFileReference; fileEncoding = 4; lastKnownFileType = sourcecode.c.h; name = HelloWorld.h; path = Shared/HelloWorld.h; sourceTree = "<group>"; };
		4D501F411B1F6165003618AE /* HelloWorld.m */ = {isa = PBXFileReference; fileEncoding = 4; lastKnownFileType = sourcecode.c.objc; name = HelloWorld.m; path = Shared/HelloWorld.m; sourceTree = "<group>"; };
/* End PBXFileReference section */

/* Begin PBXFrameworksBuildPhase section */
		4D501F141B1F5F60003618AE /* Frameworks */ = {
			isa = PBXFrameworksBuildPhase;
			buildActionMask = 2147483647;
			files = (
			);
			runOnlyForDeploymentPostprocessing = 0;
		};
		4D501F2D1B1F5F60003618AE /* Frameworks */ = {
			isa = PBXFrameworksBuildPhase;
			buildActionMask = 2147483647;
			files = (
			);
			runOnlyForDeploymentPostprocessing = 0;
		};
/* End PBXFrameworksBuildPhase section */

/* Begin PBXGroup section */
		4D501F0E1B1F5F60003618AE = {
			isa = PBXGroup;
			children = (
				4D501F191B1F5F60003618AE /* HelloWorld */,
				4D501F331B1F5F60003618AE /* HelloWorldTests */,
				4D501F181B1F5F60003618AE /* Products */,
			);
			sourceTree = "<group>";
		};
		4D501F181B1F5F60003618AE /* Products */ = {
			isa = PBXGroup;
			children = (
				4D501F171B1F5F60003618AE /* HelloWorld.app */,
				4D501F301B1F5F60003618AE /* HelloWorldTests.xctest */,
			);
			name = Products;
			sourceTree = "<group>";
		};
		4D501F191B1F5F60003618AE /* HelloWorld */ = {
			isa = PBXGroup;
			children = (
				4D501F1E1B1F5F60003618AE /* AppDelegate.h */,
				4D501F1F1B1F5F60003618AE /* AppDelegate.m */,
				4D501F401B1F6165003618AE /* HelloWorld.h */,
				4D501F411B1F6165003618AE /* HelloWorld.m */,
				4D501F211B1F5F60003618AE /* ViewController.h */,
				4D501F221B1F5F60003618AE /* ViewController.m */,
				4D501F241B1F5F60003618AE /* Main.storyboard */,
				4D501F271B1F5F60003618AE /* Images.xcassets */,
				4D501F291B1F5F60003618AE /* LaunchScreen.xib */,
				4D501F1A1B1F5F60003618AE /* Supporting Files */,
			);
			path = HelloWorld;
			sourceTree = "<group>";
		};
		4D501F1A1B1F5F60003618AE /* Supporting Files */ = {
			isa = PBXGroup;
			children = (
				4D501F1B1B1F5F60003618AE /* Info.plist */,
				4D501F1C1B1F5F60003618AE /* main.m */,
			);
			name = "Supporting Files";
			sourceTree = "<group>";
		};
		4D501F331B1F5F60003618AE /* HelloWorldTests */ = {
			isa = PBXGroup;
			children = (
				4D501F361B1F5F60003618AE /* HelloWorldTests.m */,
				4D501F341B1F5F60003618AE /* Supporting Files */,
			);
			path = HelloWorldTests;
			sourceTree = "<group>";
		};
		4D501F341B1F5F60003618AE /* Supporting Files */ = {
			isa = PBXGroup;
			children = (
				4D501F351B1F5F60003618AE /* Info.plist */,
			);
			name = "Supporting Files";
			sourceTree = "<group>";
		};
/* End PBXGroup section */

/* Begin PBXNativeTarget section */
		4D501F161B1F5F60003618AE /* HelloWorld */ = {
			isa = PBXNativeTarget;
			buildConfigurationList = 4D501F3A1B1F5F60003618AE /* Build configuration list for PBXNativeTarget "HelloWorld" */;
			buildPhases = (
				4D501F131B1F5F60003618AE /* Sources */,
				4D501F141B1F5F60003618AE /* Frameworks */,
				4D501F151B1F5F60003618AE /* Resources */,
			);
			buildRules = (
			);
			dependencies = (
			);
			name = HelloWorld;
			productName = HelloWorld;
			productReference = 4D501F171B1F5F60003618AE /* HelloWorld.app */;
			productType = "com.apple.product-type.application";
		};
		4D501F2F1B1F5F60003618AE /* HelloWorldTests */ = {
			isa = PBXNativeTarget;
			buildConfigurationList = 4D501F3D1B1F5F60003618AE /* Build configuration list for PBXNativeTarget "HelloWorldTests" */;
			buildPhases = (
				4D501F2C1B1F5F60003618AE /* Sources */,
				4D501F2D1B1F5F60003618AE /* Frameworks */,
				4D501F2E1B1F5F60003618AE /* Resources */,
			);
			buildRules = (
			);
			dependencies = (
				4D501F321B1F5F60003618AE /* PBXTargetDependency */,
			);
			name = HelloWorldTests;
			productName = HelloWorldTests;
			productReference = 4D501F301B1F5F60003618AE /* HelloWorldTests.xctest */;
			productType = "com.apple.product-type.bundle.unit-test";
		};
/* End PBXNativeTarget section */

/* Begin PBXProject section */
		4D501F0F1B1F5F60003618AE /* Project object */ = {
			isa = PBXProject;
			attributes = {
				LastUpgradeCheck = 0630;
				ORGANIZATIONNAME = NickPeng;
				TargetAttributes = {
					4D501F161B1F5F60003618AE = {
						CreatedOnToolsVersion = 6.3;
					};
					4D501F2F1B1F5F60003618AE = {
						CreatedOnToolsVersion = 6.3;
						TestTargetID = 4D501F161B1F5F60003618AE;
					};
				};
			};
			buildConfigurationList = 4D501F121B1F5F60003618AE /* Build configuration list for PBXProject "HelloWorld" */;
			compatibilityVersion = "Xcode 3.2";
			developmentRegion = English;
			hasScannedForEncodings = 0;
			knownRegions = (
				en,
				Base,
			);
			mainGroup = 4D501F0E1B1F5F60003618AE;
			productRefGroup = 4D501F181B1F5F60003618AE /* Products */;
			projectDirPath = "";
			projectRoot = "";
			targets = (
				4D501F161B1F5F60003618AE /* HelloWorld */,
				4D501F2F1B1F5F60003618AE /* HelloWorldTests */,
			);
		};
/* End PBXProject section */

/* Begin PBXResourcesBuildPhase section */
		4D501F151B1F5F60003618AE /* Resources */ = {
			isa = PBXResourcesBuildPhase;
			buildActionMask = 2147483647;
			files = (
				4D501F261B1F5F60003618AE /* Main.storyboard in Resources */,
				4D501F2B1B1F5F60003618AE /* LaunchScreen.xib in Resources */,
				4D501F281B1F5F60003618AE /* Images.xcassets in Resources */,
			);
			runOnlyForDeploymentPostprocessing = 0;
		};
		4D501F2E1B1F5F60003618AE /* Resources */ = {
			isa = PBXResourcesBuildPhase;
			buildActionMask = 2147483647;
			files = (
			);
			runOnlyForDeploymentPostprocessing = 0;
		};
/* End PBXResourcesBuildPhase section */

/* Begin PBXSourcesBuildPhase section */
		4D501F131B1F5F60003618AE /* Sources */ = {
			isa = PBXSourcesBuildPhase;
			buildActionMask = 2147483647;
			files = (
				4D501F231B1F5F60003618AE /* ViewController.m in Sources */,
				4D501F201B1F5F60003618AE /* AppDelegate.m in Sources */,
				4D501F1D1B1F5F60003618AE /* main.m in Sources */,
				4D501F421B1F6165003618AE /* HelloWorld.m in Sources */,
			);
			runOnlyForDeploymentPostprocessing = 0;
		};
		4D501F2C1B1F5F60003618AE /* Sources */ = {
			isa = PBXSourcesBuildPhase;
			buildActionMask = 2147483647;
			files = (
				4D501F371B1F5F60003618AE /* HelloWorldTests.m in Sources */,
			);
			runOnlyForDeploymentPostprocessing = 0;
		};
/* End PBXSourcesBuildPhase section */

/* Begin PBXTargetDependency section */
		4D501F321B1F5F60003618AE /* PBXTargetDependency */ = {
			isa = PBXTargetDependency;
			target = 4D501F161B1F5F60003618AE /* HelloWorld */;
			targetProxy = 4D501F311B1F5F60003618AE /* PBXContainerItemProxy */;
		};
/* End PBXTargetDependency section */

/* Begin PBXVariantGroup section */
		4D501F241B1F5F60003618AE /* Main.storyboard */ = {
			isa = PBXVariantGroup;
			children = (
				4D501F251B1F5F60003618AE /* Base */,
			);
			name = Main.storyboard;
			sourceTree = "<group>";
		};
		4D501F291B1F5F60003618AE /* LaunchScreen.xib */ = {
			isa = PBXVariantGroup;
			children = (
				4D501F2A1B1F5F60003618AE /* Base */,
			);
			name = LaunchScreen.xib;
			sourceTree = "<group>";
		};
/* End PBXVariantGroup section */

/* Begin XCBuildConfiguration section */
		4D501F381B1F5F60003618AE /* Debug */ = {
			isa = XCBuildConfiguration;
			buildSettings = {
				ALWAYS_SEARCH_USER_PATHS = NO;
				CLANG_CXX_LANGUAGE_STANDARD = "gnu++0x";
				CLANG_CXX_LIBRARY = "libc++";
				CLANG_ENABLE_MODULES = YES;
				CLANG_ENABLE_OBJC_ARC = YES;
				CLANG_WARN_BOOL_CONVERSION = YES;
				CLANG_WARN_CONSTANT_CONVERSION = YES;
				CLANG_WARN_DIRECT_OBJC_ISA_USAGE = YES_ERROR;
				CLANG_WARN_EMPTY_BODY = YES;
				CLANG_WARN_ENUM_CONVERSION = YES;
				CLANG_WARN_INT_CONVERSION = YES;
				CLANG_WARN_OBJC_ROOT_CLASS = YES_ERROR;
				CLANG_WARN_UNREACHABLE_CODE = YES;
				CLANG_WARN__DUPLICATE_METHOD_MATCH = YES;
				"CODE_SIGN_IDENTITY[sdk=iphoneos*]" = "iPhone Developer";
				COPY_PHASE_STRIP = NO;
				DEBUG_INFORMATION_FORMAT = "dwarf-with-dsym";
				ENABLE_STRICT_OBJC_MSGSEND = YES;
				GCC_C_LANGUAGE_STANDARD = gnu99;
				GCC_DYNAMIC_NO_PIC = NO;
				GCC_NO_COMMON_BLOCKS = YES;
				GCC_OPTIMIZATION_LEVEL = 0;
				GCC_PREPROCESSOR_DEFINITIONS = (
					"DEBUG=1",
					"$(inherited)",
				);
				GCC_SYMBOLS_PRIVATE_EXTERN = NO;
				GCC_WARN_64_TO_32_BIT_CONVERSION = YES;
				GCC_WARN_ABOUT_RETURN_TYPE = YES_ERROR;
				GCC_WARN_UNDECLARED_SELECTOR = YES;
				GCC_WARN_UNINITIALIZED_AUTOS = YES_AGGRESSIVE;
				GCC_WARN_UNUSED_FUNCTION = YES;
				GCC_WARN_UNUSED_VARIABLE = YES;
				IPHONEOS_DEPLOYMENT_TARGET = 8.3;
				MTL_ENABLE_DEBUG_INFO = YES;
				ONLY_ACTIVE_ARCH = YES;
				SDKROOT = iphoneos;
				TARGETED_DEVICE_FAMILY = "1,2";
			};
			name = Debug;
		};
		4D501F391B1F5F60003618AE /* Release */ = {
			isa = XCBuildConfiguration;
			buildSettings = {
				ALWAYS_SEARCH_USER_PATHS = NO;
				CLANG_CXX_LANGUAGE_STANDARD = "gnu++0x";
				CLANG_CXX_LIBRARY = "libc++";
				CLANG_ENABLE_MODULES = YES;
				CLANG_ENABLE_OBJC_ARC = YES;
				CLANG_WARN_BOOL_CONVERSION = YES;
				CLANG_WARN_CONSTANT_CONVERSION = YES;
				CLANG_WARN_DIRECT_OBJC_ISA_USAGE = YES_ERROR;
				CLANG_WARN_EMPTY_BODY = YES;
				CLANG_WARN_ENUM_CONVERSION = YES;
				CLANG_WARN_INT_CONVERSION = YES;
				CLANG_WARN_OBJC_ROOT_CLASS = YES_ERROR;
				CLANG_WARN_UNREACHABLE_CODE = YES;
				CLANG_WARN__DUPLICATE_METHOD_MATCH = YES;
				"CODE_SIGN_IDENTITY[sdk=iphoneos*]" = "iPhone Developer";
				COPY_PHASE_STRIP = NO;
				DEBUG_INFORMATION_FORMAT = "dwarf-with-dsym";
				ENABLE_NS_ASSERTIONS = NO;
				ENABLE_STRICT_OBJC_MSGSEND = YES;
				GCC_C_LANGUAGE_STANDARD = gnu99;
				GCC_NO_COMMON_BLOCKS = YES;
				GCC_WARN_64_TO_32_BIT_CONVERSION = YES;
				GCC_WARN_ABOUT_RETURN_TYPE = YES_ERROR;
				GCC_WARN_UNDECLARED_SELECTOR = YES;
				GCC_WARN_UNINITIALIZED_AUTOS = YES_AGGRESSIVE;
				GCC_WARN_UNUSED_FUNCTION = YES;
				GCC_WARN_UNUSED_VARIABLE = YES;
				IPHONEOS_DEPLOYMENT_TARGET = 8.3;
				MTL_ENABLE_DEBUG_INFO = NO;
				SDKROOT = iphoneos;
				TARGETED_DEVICE_FAMILY = "1,2";
				VALIDATE_PRODUCT = YES;
			};
			name = Release;
		};
		4D501F3B1B1F5F60003618AE /* Debug */ = {
			isa = XCBuildConfiguration;
			buildSettings = {
				ASSETCATALOG_COMPILER_APPICON_NAME = AppIcon;
				INFOPLIST_FILE = HelloWorld/Info.plist;
				LD_RUNPATH_SEARCH_PATHS = "$(inherited) @executable_path/Frameworks";
				PRODUCT_NAME = "$(TARGET_NAME)";
			};
			name = Debug;
		};
		4D501F3C1B1F5F60003618AE /* Release */ = {
			isa = XCBuildConfiguration;
			buildSettings = {
				ASSETCATALOG_COMPILER_APPICON_NAME = AppIcon;
				INFOPLIST_FILE = HelloWorld/Info.plist;
				LD_RUNPATH_SEARCH_PATHS = "$(inherited) @executable_path/Frameworks";
				PRODUCT_NAME = "$(TARGET_NAME)";
			};
			name = Release;
		};
		4D501F3E1B1F5F60003618AE /* Debug */ = {
			isa = XCBuildConfiguration;
			buildSettings = {
				BUNDLE_LOADER = "$(TEST_HOST)";
				FRAMEWORK_SEARCH_PATHS = (
					"$(SDKROOT)/Developer/Library/Frameworks",
					"$(inherited)",
				);
				GCC_PREPROCESSOR_DEFINITIONS = (
					"DEBUG=1",
					"$(inherited)",
				);
				INFOPLIST_FILE = HelloWorldTests/Info.plist;
				LD_RUNPATH_SEARCH_PATHS = "$(inherited) @executable_path/Frameworks @loader_path/Frameworks";
				PRODUCT_NAME = "$(TARGET_NAME)";
				TEST_HOST = "$(BUILT_PRODUCTS_DIR)/HelloWorld.app/HelloWorld";
			};
			name = Debug;
		};
		4D501F3F1B1F5F60003618AE /* Release */ = {
			isa = XCBuildConfiguration;
			buildSettings = {
				BUNDLE_LOADER = "$(TEST_HOST)";
				FRAMEWORK_SEARCH_PATHS = (
					"$(SDKROOT)/Developer/Library/Frameworks",
					"$(inherited)",
				);
				INFOPLIST_FILE = HelloWorldTests/Info.plist;
				LD_RUNPATH_SEARCH_PATHS = "$(inherited) @executable_path/Frameworks @loader_path/Frameworks";
				PRODUCT_NAME = "$(TARGET_NAME)";
				TEST_HOST = "$(BUILT_PRODUCTS_DIR)/HelloWorld.app/HelloWorld";
			};
			name = Release;
		};
/* End XCBuildConfiguration section */

/* Begin XCConfigurationList section */
		4D501F121B1F5F60003618AE /* Build configuration list for PBXProject "HelloWorld" */ = {
			isa = XCConfigurationList;
			buildConfigurations = (
				4D501F381B1F5F60003618AE /* Debug */,
				4D501F391B1F5F60003618AE /* Release */,
			);
			defaultConfigurationIsVisible = 0;
			defaultConfigurationName = Release;
		};
		4D501F3A1B1F5F60003618AE /* Build configuration list for PBXNativeTarget "HelloWorld" */ = {
			isa = XCConfigurationList;
			buildConfigurations = (
				4D501F3B1B1F5F60003618AE /* Debug */,
				4D501F3C1B1F5F60003618AE /* Release */,
			);
			defaultConfigurationIsVisible = 0;
		};
		4D501F3D1B1F5F60003618AE /* Build configuration list for PBXNativeTarget "HelloWorldTests" */ = {
			isa = XCConfigurationList;
			buildConfigurations = (
				4D501F3E1B1F5F60003618AE /* Debug */,
				4D501F3F1B1F5F60003618AE /* Release */,
			);
			defaultConfigurationIsVisible = 0;
		};
/* End XCConfigurationList section */
	};
	rootObject = 4D501F0F1B1F5F60003618AE /* Project object */;
}
